
Microsoft Visual Studio Solution File, Format Version 12.00
# Visual Studio 15
VisualStudioVersion = 15.0.26206.0
MinimumVisualStudioVersion = 10.0.40219.1
Project("{2150E333-8FDC-42A3-9474-1A3956D46DE8}") = "Solution Items", "Solution Items", "{CED0D593-F054-49C1-941A-80DFC9D8E299}"
	ProjectSection(SolutionItems) = preProject
		NuGet.Config = NuGet.Config
		ReadMe.md = ReadMe.md
	EndProjectSection
EndProject
Project("{FAE04EC0-301F-11D3-BF4B-00C04F79EFBC}") = "HBD.Framework.Security.Azman", "HBD.Framework.Security.Azman\HBD.Framework.Security.Azman.csproj", "{C2390E4F-DF1E-45DC-A009-786C9C695CB3}"
EndProject
Project("{FAE04EC0-301F-11D3-BF4B-00C04F79EFBC}") = "HBD.Framework.Security.Azman.Test", "HBD.Framework.Security.Azman.Test\HBD.Framework.Security.Azman.Test.csproj", "{DC2A5EDA-FA1A-4927-9616-758A25DA0511}"
EndProject
Global
	GlobalSection(SolutionConfigurationPlatforms) = preSolution
		Debug|Any CPU = Debug|Any CPU
		Release|Any CPU = Release|Any CPU
	EndGlobalSection
	GlobalSection(ProjectConfigurationPlatforms) = postSolution
		{C2390E4F-DF1E-45DC-A009-786C9C695CB3}.Debug|Any CPU.ActiveCfg = Debug|Any CPU
		{C2390E4F-DF1E-45DC-A009-786C9C695CB3}.Debug|Any CPU.Build.0 = Debug|Any CPU
		{C2390E4F-DF1E-45DC-A009-786C9C695CB3}.Release|Any CPU.ActiveCfg = Release|Any CPU
		{C2390E4F-DF1E-45DC-A009-786C9C695CB3}.Release|Any CPU.Build.0 = Release|Any CPU
		{DC2A5EDA-FA1A-4927-9616-758A25DA0511}.Debug|Any CPU.ActiveCfg = Debug|Any CPU
		{DC2A5EDA-FA1A-4927-9616-758A25DA0511}.Debug|Any CPU.Build.0 = Debug|Any CPU
		{DC2A5EDA-FA1A-4927-9616-758A25DA0511}.Release|Any CPU.ActiveCfg = Release|Any CPU
		{DC2A5EDA-FA1A-4927-9616-758A25DA0511}.Release|Any CPU.Build.0 = Release|Any CPU
	EndGlobalSection
	GlobalSection(SolutionProperties) = preSolution
		HideSolutionNode = FALSE
	EndGlobalSection
	GlobalSection(ExtensibilityGlobals) = postSolution
		EnterpriseLibraryConfigurationToolBinariesPath = packages\Unity.2.1.505.0\lib\NET35;packages\Unity.Interception.2.1.505.0\lib\NET35;packages\EnterpriseLibrary.Common.5.0.505.0\lib\NET35;packages\EnterpriseLibrary.Security.5.0.505.0\lib\NET35;packages\EnterpriseLibrary.Security.AzMan.5.0.505.0\lib\NET35
	EndGlobalSection
	GlobalSection(TeamFoundationVersionControl) = preSolution
		SccNumberOfProjects = 3
		SccEnterpriseProvider = {4CA58AB2-18FA-4F8D-95D4-32DDF27D184C}
		SccTeamFoundationServer = https://steven2412.visualstudio.com/
		SccProjectUniqueName0 = HBD.Framework.Security.Azman\\HBD.Framework.Security.Azman.csproj
		SccProjectName0 = HBD.Framework.Security.Azman
		SccLocalPath0 = HBD.Framework.Security.Azman
		SccProjectUniqueName1 = HBD.Framework.Security.Azman.Test\\HBD.Framework.Security.Azman.Test.csproj
		SccProjectName1 = HBD.Framework.Security.Azman.Test
		SccLocalPath1 = HBD.Framework.Security.Azman.Test
		SccLocalPath2 = .
	EndGlobalSection
EndGlobal
