
Microsoft Visual Studio Solution File, Format Version 12.00
# Visual Studio 2013
VisualStudioVersion = 12.0.30723.0
MinimumVisualStudioVersion = 10.0.40219.1
Project("{FAE04EC0-301F-11D3-BF4B-00C04F79EFBC}") = "HBD.Framework.AD", "HBD.Framework.AD\HBD.Framework.AD.csproj", "{54E9932D-EDD0-4BA3-8A07-F3D248E8136B}"
EndProject
Project("{FAE04EC0-301F-11D3-BF4B-00C04F79EFBC}") = "HBD.Framework.Configuration", "HBD.Framework.Configuration\HBD.Framework.Configuration.csproj", "{96AC28E1-649A-4081-88A1-4774AD29F5EF}"
EndProject
Project("{FAE04EC0-301F-11D3-BF4B-00C04F79EFBC}") = "HBD.Framework.Data", "HBD.Framework.Data\HBD.Framework.Data.csproj", "{3A043EBC-3614-41CE-959A-D993119493BB}"
EndProject
Project("{FAE04EC0-301F-11D3-BF4B-00C04F79EFBC}") = "HBD.Framework.Data.Sharepoint", "HBD.Framework.Data.Sharepoint\HBD.Framework.Data.Sharepoint.csproj", "{E16027B3-9F19-486D-BD6F-33F5441D5344}"
EndProject
Project("{FAE04EC0-301F-11D3-BF4B-00C04F79EFBC}") = "HBD.Framework.Extension", "HBD.Framework.Extension\HBD.Framework.Extension.csproj", "{62343C4C-1925-446E-B403-A247CF539989}"
EndProject
Project("{FAE04EC0-301F-11D3-BF4B-00C04F79EFBC}") = "HBD.Framework.Extension.WinForms", "HBD.Framework.Extension.WinForms\HBD.Framework.Extension.WinForms.csproj", "{C99A9B6C-332F-467F-8C85-C09F8D94D877}"
EndProject
Project("{FAE04EC0-301F-11D3-BF4B-00C04F79EFBC}") = "HBD.Libraries.Net.Email", "HBD.Libraries.Net.Email\HBD.Libraries.Net.Email.csproj", "{99F3454B-1B69-4B47-B4AB-680E04AF2382}"
EndProject
Project("{FAE04EC0-301F-11D3-BF4B-00C04F79EFBC}") = "HBD.WinForms.Controls", "HBD.WinForms.Controls\HBD.WinForms.Controls.csproj", "{884F5502-622F-4DF8-A902-5BE6FCFBF12D}"
EndProject
Project("{FAE04EC0-301F-11D3-BF4B-00C04F79EFBC}") = "HBD.WinForms.Controls.Comparison", "HBD.WinForms.Controls.Comparison\HBD.WinForms.Controls.Comparison.csproj", "{22C6A04F-5AA2-4019-BEE9-432939C7BBE2}"
EndProject
Project("{FAE04EC0-301F-11D3-BF4B-00C04F79EFBC}") = "HBD.WinForms.Controls.Sharepoint", "HBD.WinForms.Controls.Sharepoint\HBD.WinForms.Controls.Sharepoint.csproj", "{9426DE64-B041-4643-9DD8-0B6324863AD0}"
EndProject
Project("{FAE04EC0-301F-11D3-BF4B-00C04F79EFBC}") = "HBD.Framework.OpenXML", "HBD.Framework.OpenXML\HBD.Framework.OpenXML.csproj", "{1CBE85AE-39C0-41CE-BF30-92B205369EDB}"
EndProject
Project("{FAE04EC0-301F-11D3-BF4B-00C04F79EFBC}") = "HBD.Framework.Data.IIS", "HBD.Framework.Data.IIS\HBD.Framework.Data.IIS.csproj", "{29DDCE4F-4BED-4E01-B5A2-0B7682671E96}"
EndProject
Project("{FAE04EC0-301F-11D3-BF4B-00C04F79EFBC}") = "HBD.Framework.Plugin", "HBD.Framework.Plugin\HBD.Framework.Plugin.csproj", "{0B5EDBF8-CE1F-40D9-8965-D1E2B3B6F14B}"
EndProject
Project("{FAE04EC0-301F-11D3-BF4B-00C04F79EFBC}") = "HBD.Applications.ManagerTools", "HBD.Applications.ManagerTools\HBD.Applications.ManagerTools.csproj", "{4107E163-FA87-41A4-9B74-1343EBE6F629}"
EndProject
Project("{FAE04EC0-301F-11D3-BF4B-00C04F79EFBC}") = "HBD.Framework.Core", "HBD.Framework.Core\HBD.Framework.Core.csproj", "{081B87F6-A2DB-42D1-9A97-44A2C936C784}"
EndProject
Project("{FAE04EC0-301F-11D3-BF4B-00C04F79EFBC}") = "HBD.Framework.Log", "HBD.Framework.Log\HBD.Framework.Log.csproj", "{C6583A21-A636-4A99-B60B-97110864DA7C}"
EndProject
Project("{FAE04EC0-301F-11D3-BF4B-00C04F79EFBC}") = "HBD.Libraries.Unity", "HBD.Libraries.Unity\HBD.Libraries.Unity.csproj", "{5506F675-87A3-44FA-8C35-EAFEDA24A678}"
EndProject
Project("{FAE04EC0-301F-11D3-BF4B-00C04F79EFBC}") = "HBD.WinForms.Controls.AD", "HBD.WinForms.Controls.AD\HBD.WinForms.Controls.AD.csproj", "{2B8D3B51-6320-4572-BAC7-A7C3AC8C8AFF}"
EndProject
Project("{FAE04EC0-301F-11D3-BF4B-00C04F79EFBC}") = "HBD.Libraries.Service", "HBD.Libraries.Service\HBD.Libraries.Service.csproj", "{E67F978D-ED6D-4BD9-A5E4-229476A56495}"
EndProject
Project("{FAE04EC0-301F-11D3-BF4B-00C04F79EFBC}") = "TestWindowsForms", "TestWindowsForms\TestWindowsForms.csproj", "{B5E87345-DE64-4191-9084-EAF7FEDC6931}"
EndProject
Project("{2150E333-8FDC-42A3-9474-1A3956D46DE8}") = "Testing", "Testing", "{63EDBCEA-EC0A-4CA3-9653-9740009D1152}"
EndProject
Project("{FAE04EC0-301F-11D3-BF4B-00C04F79EFBC}") = "HBD.Test.Framework.Extension", "HBD.Test.Framework.Extension\HBD.Test.Framework.Extension.csproj", "{47F55FE0-F144-4EAC-BB87-6FE36040A56E}"
EndProject
Project("{2150E333-8FDC-42A3-9474-1A3956D46DE8}") = "Solution Items", "Solution Items", "{C6267A88-92E3-415C-8BCE-C4EB58A62AB4}"
	ProjectSection(SolutionItems) = preProject
		HBD.Framework.vsmdi = HBD.Framework.vsmdi
		Local.testsettings = Local.testsettings
		TraceAndTestImpact.testsettings = TraceAndTestImpact.testsettings
	EndProjectSection
EndProject
Project("{FAE04EC0-301F-11D3-BF4B-00C04F79EFBC}") = "HBD.Test.Framework.Data.Sharepoint", "HBD.Test.Framework.Data.Sharepoint\HBD.Test.Framework.Data.Sharepoint.csproj", "{E74C3FCF-ACF0-4343-9220-372A62E0BE11}"
EndProject
Project("{FAE04EC0-301F-11D3-BF4B-00C04F79EFBC}") = "HBD.Framework.Security", "HBD.Framework.Security\HBD.Framework.Security.csproj", "{8530B745-2A0A-49EE-B4AF-1B886D5FE4A0}"
EndProject
Project("{FAE04EC0-301F-11D3-BF4B-00C04F79EFBC}") = "HBD.Framework.Data.Sharepoint.Client2010", "HBD.Framework.Data.Sharepoint.Client2010\HBD.Framework.Data.Sharepoint.Client2010.csproj", "{C3C22CD8-8FC4-434D-9AAC-AEE842B77D5F}"
EndProject
Project("{FAE04EC0-301F-11D3-BF4B-00C04F79EFBC}") = "HBD.Framework.Data.Sharepoint.Server2010", "HBD.Framework.Data.Sharepoint.Server2010\HBD.Framework.Data.Sharepoint.Server2010.csproj", "{398CD6FA-8D70-49EB-84C9-30B5F0A973CD}"
EndProject
Project("{FAE04EC0-301F-11D3-BF4B-00C04F79EFBC}") = "HBD.Framework.Data.Comparison", "HBD.Framework.Data.Comparison\HBD.Framework.Data.Comparison.csproj", "{5EE96B2D-8B51-4883-9B24-1F068432279F}"
EndProject
Global
	GlobalSection(SolutionConfigurationPlatforms) = preSolution
		Debug|Any CPU = Debug|Any CPU
		Debug|x64 = Debug|x64
		Release|Any CPU = Release|Any CPU
		Release|x64 = Release|x64
	EndGlobalSection
	GlobalSection(ProjectConfigurationPlatforms) = postSolution
		{54E9932D-EDD0-4BA3-8A07-F3D248E8136B}.Debug|Any CPU.ActiveCfg = Debug|Any CPU
		{54E9932D-EDD0-4BA3-8A07-F3D248E8136B}.Debug|Any CPU.Build.0 = Debug|Any CPU
		{54E9932D-EDD0-4BA3-8A07-F3D248E8136B}.Debug|x64.ActiveCfg = Debug|x64
		{54E9932D-EDD0-4BA3-8A07-F3D248E8136B}.Debug|x64.Build.0 = Debug|x64
		{54E9932D-EDD0-4BA3-8A07-F3D248E8136B}.Release|Any CPU.ActiveCfg = Release|Any CPU
		{54E9932D-EDD0-4BA3-8A07-F3D248E8136B}.Release|Any CPU.Build.0 = Release|Any CPU
		{54E9932D-EDD0-4BA3-8A07-F3D248E8136B}.Release|x64.ActiveCfg = Release|x64
		{54E9932D-EDD0-4BA3-8A07-F3D248E8136B}.Release|x64.Build.0 = Release|x64
		{96AC28E1-649A-4081-88A1-4774AD29F5EF}.Debug|Any CPU.ActiveCfg = Debug|Any CPU
		{96AC28E1-649A-4081-88A1-4774AD29F5EF}.Debug|Any CPU.Build.0 = Debug|Any CPU
		{96AC28E1-649A-4081-88A1-4774AD29F5EF}.Debug|x64.ActiveCfg = Debug|x64
		{96AC28E1-649A-4081-88A1-4774AD29F5EF}.Debug|x64.Build.0 = Debug|x64
		{96AC28E1-649A-4081-88A1-4774AD29F5EF}.Release|Any CPU.ActiveCfg = Release|Any CPU
		{96AC28E1-649A-4081-88A1-4774AD29F5EF}.Release|Any CPU.Build.0 = Release|Any CPU
		{96AC28E1-649A-4081-88A1-4774AD29F5EF}.Release|x64.ActiveCfg = Release|x64
		{96AC28E1-649A-4081-88A1-4774AD29F5EF}.Release|x64.Build.0 = Release|x64
		{3A043EBC-3614-41CE-959A-D993119493BB}.Debug|Any CPU.ActiveCfg = Debug|Any CPU
		{3A043EBC-3614-41CE-959A-D993119493BB}.Debug|Any CPU.Build.0 = Debug|Any CPU
		{3A043EBC-3614-41CE-959A-D993119493BB}.Debug|x64.ActiveCfg = Debug|x64
		{3A043EBC-3614-41CE-959A-D993119493BB}.Debug|x64.Build.0 = Debug|x64
		{3A043EBC-3614-41CE-959A-D993119493BB}.Release|Any CPU.ActiveCfg = Release|Any CPU
		{3A043EBC-3614-41CE-959A-D993119493BB}.Release|Any CPU.Build.0 = Release|Any CPU
		{3A043EBC-3614-41CE-959A-D993119493BB}.Release|x64.ActiveCfg = Release|x64
		{3A043EBC-3614-41CE-959A-D993119493BB}.Release|x64.Build.0 = Release|x64
		{E16027B3-9F19-486D-BD6F-33F5441D5344}.Debug|Any CPU.ActiveCfg = Debug|Any CPU
		{E16027B3-9F19-486D-BD6F-33F5441D5344}.Debug|Any CPU.Build.0 = Debug|Any CPU
		{E16027B3-9F19-486D-BD6F-33F5441D5344}.Debug|x64.ActiveCfg = Debug|x64
		{E16027B3-9F19-486D-BD6F-33F5441D5344}.Debug|x64.Build.0 = Debug|x64
		{E16027B3-9F19-486D-BD6F-33F5441D5344}.Release|Any CPU.ActiveCfg = Release|Any CPU
		{E16027B3-9F19-486D-BD6F-33F5441D5344}.Release|Any CPU.Build.0 = Release|Any CPU
		{E16027B3-9F19-486D-BD6F-33F5441D5344}.Release|x64.ActiveCfg = Release|x64
		{E16027B3-9F19-486D-BD6F-33F5441D5344}.Release|x64.Build.0 = Release|x64
		{62343C4C-1925-446E-B403-A247CF539989}.Debug|Any CPU.ActiveCfg = Debug|Any CPU
		{62343C4C-1925-446E-B403-A247CF539989}.Debug|Any CPU.Build.0 = Debug|Any CPU
		{62343C4C-1925-446E-B403-A247CF539989}.Debug|x64.ActiveCfg = Debug|x64
		{62343C4C-1925-446E-B403-A247CF539989}.Debug|x64.Build.0 = Debug|x64
		{62343C4C-1925-446E-B403-A247CF539989}.Release|Any CPU.ActiveCfg = Release|Any CPU
		{62343C4C-1925-446E-B403-A247CF539989}.Release|Any CPU.Build.0 = Release|Any CPU
		{62343C4C-1925-446E-B403-A247CF539989}.Release|x64.ActiveCfg = Release|x64
		{62343C4C-1925-446E-B403-A247CF539989}.Release|x64.Build.0 = Release|x64
		{C99A9B6C-332F-467F-8C85-C09F8D94D877}.Debug|Any CPU.ActiveCfg = Debug|Any CPU
		{C99A9B6C-332F-467F-8C85-C09F8D94D877}.Debug|Any CPU.Build.0 = Debug|Any CPU
		{C99A9B6C-332F-467F-8C85-C09F8D94D877}.Debug|x64.ActiveCfg = Debug|x64
		{C99A9B6C-332F-467F-8C85-C09F8D94D877}.Debug|x64.Build.0 = Debug|x64
		{C99A9B6C-332F-467F-8C85-C09F8D94D877}.Release|Any CPU.ActiveCfg = Release|Any CPU
		{C99A9B6C-332F-467F-8C85-C09F8D94D877}.Release|Any CPU.Build.0 = Release|Any CPU
		{C99A9B6C-332F-467F-8C85-C09F8D94D877}.Release|x64.ActiveCfg = Release|x64
		{C99A9B6C-332F-467F-8C85-C09F8D94D877}.Release|x64.Build.0 = Release|x64
		{99F3454B-1B69-4B47-B4AB-680E04AF2382}.Debug|Any CPU.ActiveCfg = Debug|Any CPU
		{99F3454B-1B69-4B47-B4AB-680E04AF2382}.Debug|Any CPU.Build.0 = Debug|Any CPU
		{99F3454B-1B69-4B47-B4AB-680E04AF2382}.Debug|x64.ActiveCfg = Debug|x64
		{99F3454B-1B69-4B47-B4AB-680E04AF2382}.Debug|x64.Build.0 = Debug|x64
		{99F3454B-1B69-4B47-B4AB-680E04AF2382}.Release|Any CPU.ActiveCfg = Release|Any CPU
		{99F3454B-1B69-4B47-B4AB-680E04AF2382}.Release|Any CPU.Build.0 = Release|Any CPU
		{99F3454B-1B69-4B47-B4AB-680E04AF2382}.Release|x64.ActiveCfg = Release|x64
		{99F3454B-1B69-4B47-B4AB-680E04AF2382}.Release|x64.Build.0 = Release|x64
		{884F5502-622F-4DF8-A902-5BE6FCFBF12D}.Debug|Any CPU.ActiveCfg = Debug|Any CPU
		{884F5502-622F-4DF8-A902-5BE6FCFBF12D}.Debug|Any CPU.Build.0 = Debug|Any CPU
		{884F5502-622F-4DF8-A902-5BE6FCFBF12D}.Debug|x64.ActiveCfg = Debug|x64
		{884F5502-622F-4DF8-A902-5BE6FCFBF12D}.Debug|x64.Build.0 = Debug|x64
		{884F5502-622F-4DF8-A902-5BE6FCFBF12D}.Release|Any CPU.ActiveCfg = Release|Any CPU
		{884F5502-622F-4DF8-A902-5BE6FCFBF12D}.Release|Any CPU.Build.0 = Release|Any CPU
		{884F5502-622F-4DF8-A902-5BE6FCFBF12D}.Release|x64.ActiveCfg = Release|x64
		{884F5502-622F-4DF8-A902-5BE6FCFBF12D}.Release|x64.Build.0 = Release|x64
		{22C6A04F-5AA2-4019-BEE9-432939C7BBE2}.Debug|Any CPU.ActiveCfg = Debug|Any CPU
		{22C6A04F-5AA2-4019-BEE9-432939C7BBE2}.Debug|Any CPU.Build.0 = Debug|Any CPU
		{22C6A04F-5AA2-4019-BEE9-432939C7BBE2}.Debug|x64.ActiveCfg = Debug|x64
		{22C6A04F-5AA2-4019-BEE9-432939C7BBE2}.Debug|x64.Build.0 = Debug|x64
		{22C6A04F-5AA2-4019-BEE9-432939C7BBE2}.Release|Any CPU.ActiveCfg = Release|Any CPU
		{22C6A04F-5AA2-4019-BEE9-432939C7BBE2}.Release|Any CPU.Build.0 = Release|Any CPU
		{22C6A04F-5AA2-4019-BEE9-432939C7BBE2}.Release|x64.ActiveCfg = Release|x64
		{22C6A04F-5AA2-4019-BEE9-432939C7BBE2}.Release|x64.Build.0 = Release|x64
		{9426DE64-B041-4643-9DD8-0B6324863AD0}.Debug|Any CPU.ActiveCfg = Debug|Any CPU
		{9426DE64-B041-4643-9DD8-0B6324863AD0}.Debug|Any CPU.Build.0 = Debug|Any CPU
		{9426DE64-B041-4643-9DD8-0B6324863AD0}.Debug|x64.ActiveCfg = Debug|x64
		{9426DE64-B041-4643-9DD8-0B6324863AD0}.Debug|x64.Build.0 = Debug|x64
		{9426DE64-B041-4643-9DD8-0B6324863AD0}.Release|Any CPU.ActiveCfg = Release|Any CPU
		{9426DE64-B041-4643-9DD8-0B6324863AD0}.Release|Any CPU.Build.0 = Release|Any CPU
		{9426DE64-B041-4643-9DD8-0B6324863AD0}.Release|x64.ActiveCfg = Release|x64
		{9426DE64-B041-4643-9DD8-0B6324863AD0}.Release|x64.Build.0 = Release|x64
		{1CBE85AE-39C0-41CE-BF30-92B205369EDB}.Debug|Any CPU.ActiveCfg = Debug|Any CPU
		{1CBE85AE-39C0-41CE-BF30-92B205369EDB}.Debug|Any CPU.Build.0 = Debug|Any CPU
		{1CBE85AE-39C0-41CE-BF30-92B205369EDB}.Debug|x64.ActiveCfg = Debug|x64
		{1CBE85AE-39C0-41CE-BF30-92B205369EDB}.Debug|x64.Build.0 = Debug|x64
		{1CBE85AE-39C0-41CE-BF30-92B205369EDB}.Release|Any CPU.ActiveCfg = Release|Any CPU
		{1CBE85AE-39C0-41CE-BF30-92B205369EDB}.Release|Any CPU.Build.0 = Release|Any CPU
		{1CBE85AE-39C0-41CE-BF30-92B205369EDB}.Release|x64.ActiveCfg = Release|x64
		{1CBE85AE-39C0-41CE-BF30-92B205369EDB}.Release|x64.Build.0 = Release|x64
		{29DDCE4F-4BED-4E01-B5A2-0B7682671E96}.Debug|Any CPU.ActiveCfg = Debug|Any CPU
		{29DDCE4F-4BED-4E01-B5A2-0B7682671E96}.Debug|Any CPU.Build.0 = Debug|Any CPU
		{29DDCE4F-4BED-4E01-B5A2-0B7682671E96}.Debug|x64.ActiveCfg = Debug|x64
		{29DDCE4F-4BED-4E01-B5A2-0B7682671E96}.Debug|x64.Build.0 = Debug|x64
		{29DDCE4F-4BED-4E01-B5A2-0B7682671E96}.Release|Any CPU.ActiveCfg = Release|Any CPU
		{29DDCE4F-4BED-4E01-B5A2-0B7682671E96}.Release|Any CPU.Build.0 = Release|Any CPU
		{29DDCE4F-4BED-4E01-B5A2-0B7682671E96}.Release|x64.ActiveCfg = Release|x64
		{29DDCE4F-4BED-4E01-B5A2-0B7682671E96}.Release|x64.Build.0 = Release|x64
		{0B5EDBF8-CE1F-40D9-8965-D1E2B3B6F14B}.Debug|Any CPU.ActiveCfg = Debug|Any CPU
		{0B5EDBF8-CE1F-40D9-8965-D1E2B3B6F14B}.Debug|Any CPU.Build.0 = Debug|Any CPU
		{0B5EDBF8-CE1F-40D9-8965-D1E2B3B6F14B}.Debug|x64.ActiveCfg = Debug|x64
		{0B5EDBF8-CE1F-40D9-8965-D1E2B3B6F14B}.Debug|x64.Build.0 = Debug|x64
		{0B5EDBF8-CE1F-40D9-8965-D1E2B3B6F14B}.Release|Any CPU.ActiveCfg = Release|Any CPU
		{0B5EDBF8-CE1F-40D9-8965-D1E2B3B6F14B}.Release|Any CPU.Build.0 = Release|Any CPU
		{0B5EDBF8-CE1F-40D9-8965-D1E2B3B6F14B}.Release|x64.ActiveCfg = Release|x64
		{0B5EDBF8-CE1F-40D9-8965-D1E2B3B6F14B}.Release|x64.Build.0 = Release|x64
		{4107E163-FA87-41A4-9B74-1343EBE6F629}.Debug|Any CPU.ActiveCfg = Debug|Any CPU
		{4107E163-FA87-41A4-9B74-1343EBE6F629}.Debug|Any CPU.Build.0 = Debug|Any CPU
		{4107E163-FA87-41A4-9B74-1343EBE6F629}.Debug|x64.ActiveCfg = Debug|x64
		{4107E163-FA87-41A4-9B74-1343EBE6F629}.Debug|x64.Build.0 = Debug|x64
		{4107E163-FA87-41A4-9B74-1343EBE6F629}.Release|Any CPU.ActiveCfg = Release|Any CPU
		{4107E163-FA87-41A4-9B74-1343EBE6F629}.Release|Any CPU.Build.0 = Release|Any CPU
		{4107E163-FA87-41A4-9B74-1343EBE6F629}.Release|x64.ActiveCfg = Release|x64
		{4107E163-FA87-41A4-9B74-1343EBE6F629}.Release|x64.Build.0 = Release|x64
		{081B87F6-A2DB-42D1-9A97-44A2C936C784}.Debug|Any CPU.ActiveCfg = Debug|Any CPU
		{081B87F6-A2DB-42D1-9A97-44A2C936C784}.Debug|Any CPU.Build.0 = Debug|Any CPU
		{081B87F6-A2DB-42D1-9A97-44A2C936C784}.Debug|x64.ActiveCfg = Debug|x64
		{081B87F6-A2DB-42D1-9A97-44A2C936C784}.Debug|x64.Build.0 = Debug|x64
		{081B87F6-A2DB-42D1-9A97-44A2C936C784}.Release|Any CPU.ActiveCfg = Release|Any CPU
		{081B87F6-A2DB-42D1-9A97-44A2C936C784}.Release|Any CPU.Build.0 = Release|Any CPU
		{081B87F6-A2DB-42D1-9A97-44A2C936C784}.Release|x64.ActiveCfg = Release|x64
		{081B87F6-A2DB-42D1-9A97-44A2C936C784}.Release|x64.Build.0 = Release|x64
		{C6583A21-A636-4A99-B60B-97110864DA7C}.Debug|Any CPU.ActiveCfg = Debug|Any CPU
		{C6583A21-A636-4A99-B60B-97110864DA7C}.Debug|Any CPU.Build.0 = Debug|Any CPU
		{C6583A21-A636-4A99-B60B-97110864DA7C}.Debug|x64.ActiveCfg = Debug|x64
		{C6583A21-A636-4A99-B60B-97110864DA7C}.Debug|x64.Build.0 = Debug|x64
		{C6583A21-A636-4A99-B60B-97110864DA7C}.Release|Any CPU.ActiveCfg = Release|Any CPU
		{C6583A21-A636-4A99-B60B-97110864DA7C}.Release|Any CPU.Build.0 = Release|Any CPU
		{C6583A21-A636-4A99-B60B-97110864DA7C}.Release|x64.ActiveCfg = Release|x64
		{C6583A21-A636-4A99-B60B-97110864DA7C}.Release|x64.Build.0 = Release|x64
		{5506F675-87A3-44FA-8C35-EAFEDA24A678}.Debug|Any CPU.ActiveCfg = Debug|Any CPU
		{5506F675-87A3-44FA-8C35-EAFEDA24A678}.Debug|Any CPU.Build.0 = Debug|Any CPU
		{5506F675-87A3-44FA-8C35-EAFEDA24A678}.Debug|x64.ActiveCfg = Debug|Any CPU
		{5506F675-87A3-44FA-8C35-EAFEDA24A678}.Release|Any CPU.ActiveCfg = Release|Any CPU
		{5506F675-87A3-44FA-8C35-EAFEDA24A678}.Release|Any CPU.Build.0 = Release|Any CPU
		{5506F675-87A3-44FA-8C35-EAFEDA24A678}.Release|x64.ActiveCfg = Release|Any CPU
		{2B8D3B51-6320-4572-BAC7-A7C3AC8C8AFF}.Debug|Any CPU.ActiveCfg = Debug|Any CPU
		{2B8D3B51-6320-4572-BAC7-A7C3AC8C8AFF}.Debug|Any CPU.Build.0 = Debug|Any CPU
		{2B8D3B51-6320-4572-BAC7-A7C3AC8C8AFF}.Debug|x64.ActiveCfg = Debug|Any CPU
		{2B8D3B51-6320-4572-BAC7-A7C3AC8C8AFF}.Release|Any CPU.ActiveCfg = Release|Any CPU
		{2B8D3B51-6320-4572-BAC7-A7C3AC8C8AFF}.Release|Any CPU.Build.0 = Release|Any CPU
		{2B8D3B51-6320-4572-BAC7-A7C3AC8C8AFF}.Release|x64.ActiveCfg = Release|Any CPU
		{E67F978D-ED6D-4BD9-A5E4-229476A56495}.Debug|Any CPU.ActiveCfg = Debug|Any CPU
		{E67F978D-ED6D-4BD9-A5E4-229476A56495}.Debug|Any CPU.Build.0 = Debug|Any CPU
		{E67F978D-ED6D-4BD9-A5E4-229476A56495}.Debug|x64.ActiveCfg = Debug|Any CPU
		{E67F978D-ED6D-4BD9-A5E4-229476A56495}.Release|Any CPU.ActiveCfg = Release|Any CPU
		{E67F978D-ED6D-4BD9-A5E4-229476A56495}.Release|Any CPU.Build.0 = Release|Any CPU
		{E67F978D-ED6D-4BD9-A5E4-229476A56495}.Release|x64.ActiveCfg = Release|Any CPU
		{B5E87345-DE64-4191-9084-EAF7FEDC6931}.Debug|Any CPU.ActiveCfg = Debug|Any CPU
		{B5E87345-DE64-4191-9084-EAF7FEDC6931}.Debug|Any CPU.Build.0 = Debug|Any CPU
		{B5E87345-DE64-4191-9084-EAF7FEDC6931}.Debug|x64.ActiveCfg = Debug|Any CPU
		{B5E87345-DE64-4191-9084-EAF7FEDC6931}.Release|Any CPU.ActiveCfg = Release|Any CPU
		{B5E87345-DE64-4191-9084-EAF7FEDC6931}.Release|Any CPU.Build.0 = Release|Any CPU
		{B5E87345-DE64-4191-9084-EAF7FEDC6931}.Release|x64.ActiveCfg = Release|Any CPU
		{47F55FE0-F144-4EAC-BB87-6FE36040A56E}.Debug|Any CPU.ActiveCfg = Debug|Any CPU
		{47F55FE0-F144-4EAC-BB87-6FE36040A56E}.Debug|Any CPU.Build.0 = Debug|Any CPU
		{47F55FE0-F144-4EAC-BB87-6FE36040A56E}.Debug|x64.ActiveCfg = Debug|Any CPU
		{47F55FE0-F144-4EAC-BB87-6FE36040A56E}.Release|Any CPU.ActiveCfg = Release|Any CPU
		{47F55FE0-F144-4EAC-BB87-6FE36040A56E}.Release|Any CPU.Build.0 = Release|Any CPU
		{47F55FE0-F144-4EAC-BB87-6FE36040A56E}.Release|x64.ActiveCfg = Release|Any CPU
		{E74C3FCF-ACF0-4343-9220-372A62E0BE11}.Debug|Any CPU.ActiveCfg = Debug|Any CPU
		{E74C3FCF-ACF0-4343-9220-372A62E0BE11}.Debug|Any CPU.Build.0 = Debug|Any CPU
		{E74C3FCF-ACF0-4343-9220-372A62E0BE11}.Debug|x64.ActiveCfg = Debug|Any CPU
		{E74C3FCF-ACF0-4343-9220-372A62E0BE11}.Release|Any CPU.ActiveCfg = Release|Any CPU
		{E74C3FCF-ACF0-4343-9220-372A62E0BE11}.Release|Any CPU.Build.0 = Release|Any CPU
		{E74C3FCF-ACF0-4343-9220-372A62E0BE11}.Release|x64.ActiveCfg = Release|Any CPU
		{8530B745-2A0A-49EE-B4AF-1B886D5FE4A0}.Debug|Any CPU.ActiveCfg = Debug|Any CPU
		{8530B745-2A0A-49EE-B4AF-1B886D5FE4A0}.Debug|Any CPU.Build.0 = Debug|Any CPU
		{8530B745-2A0A-49EE-B4AF-1B886D5FE4A0}.Debug|x64.ActiveCfg = Debug|Any CPU
		{8530B745-2A0A-49EE-B4AF-1B886D5FE4A0}.Release|Any CPU.ActiveCfg = Release|Any CPU
		{8530B745-2A0A-49EE-B4AF-1B886D5FE4A0}.Release|Any CPU.Build.0 = Release|Any CPU
		{8530B745-2A0A-49EE-B4AF-1B886D5FE4A0}.Release|x64.ActiveCfg = Release|Any CPU
		{C3C22CD8-8FC4-434D-9AAC-AEE842B77D5F}.Debug|Any CPU.ActiveCfg = Debug|Any CPU
		{C3C22CD8-8FC4-434D-9AAC-AEE842B77D5F}.Debug|Any CPU.Build.0 = Debug|Any CPU
		{C3C22CD8-8FC4-434D-9AAC-AEE842B77D5F}.Debug|x64.ActiveCfg = Debug|Any CPU
		{C3C22CD8-8FC4-434D-9AAC-AEE842B77D5F}.Release|Any CPU.ActiveCfg = Release|Any CPU
		{C3C22CD8-8FC4-434D-9AAC-AEE842B77D5F}.Release|Any CPU.Build.0 = Release|Any CPU
		{C3C22CD8-8FC4-434D-9AAC-AEE842B77D5F}.Release|x64.ActiveCfg = Release|Any CPU
		{398CD6FA-8D70-49EB-84C9-30B5F0A973CD}.Debug|Any CPU.ActiveCfg = Debug|Any CPU
		{398CD6FA-8D70-49EB-84C9-30B5F0A973CD}.Debug|Any CPU.Build.0 = Debug|Any CPU
		{398CD6FA-8D70-49EB-84C9-30B5F0A973CD}.Debug|x64.ActiveCfg = Debug|Any CPU
		{398CD6FA-8D70-49EB-84C9-30B5F0A973CD}.Release|Any CPU.ActiveCfg = Release|Any CPU
		{398CD6FA-8D70-49EB-84C9-30B5F0A973CD}.Release|Any CPU.Build.0 = Release|Any CPU
		{398CD6FA-8D70-49EB-84C9-30B5F0A973CD}.Release|x64.ActiveCfg = Release|Any CPU
		{5EE96B2D-8B51-4883-9B24-1F068432279F}.Debug|Any CPU.ActiveCfg = Debug|Any CPU
		{5EE96B2D-8B51-4883-9B24-1F068432279F}.Debug|Any CPU.Build.0 = Debug|Any CPU
		{5EE96B2D-8B51-4883-9B24-1F068432279F}.Debug|x64.ActiveCfg = Debug|x64
		{5EE96B2D-8B51-4883-9B24-1F068432279F}.Debug|x64.Build.0 = Debug|x64
		{5EE96B2D-8B51-4883-9B24-1F068432279F}.Release|Any CPU.ActiveCfg = Release|Any CPU
		{5EE96B2D-8B51-4883-9B24-1F068432279F}.Release|Any CPU.Build.0 = Release|Any CPU
		{5EE96B2D-8B51-4883-9B24-1F068432279F}.Release|x64.ActiveCfg = Release|x64
		{5EE96B2D-8B51-4883-9B24-1F068432279F}.Release|x64.Build.0 = Release|x64
	EndGlobalSection
	GlobalSection(SolutionProperties) = preSolution
		HideSolutionNode = FALSE
	EndGlobalSection
	GlobalSection(NestedProjects) = preSolution
		{47F55FE0-F144-4EAC-BB87-6FE36040A56E} = {63EDBCEA-EC0A-4CA3-9653-9740009D1152}
		{E74C3FCF-ACF0-4343-9220-372A62E0BE11} = {63EDBCEA-EC0A-4CA3-9653-9740009D1152}
	EndGlobalSection
	GlobalSection(TestCaseManagementSettings) = postSolution
		CategoryFile = HBD.Framework.vsmdi
	EndGlobalSection
EndGlobal
