
Microsoft Visual Studio Solution File, Format Version 12.00
# Visual Studio 15
VisualStudioVersion = 15.0.26711.1
MinimumVisualStudioVersion = 10.0.40219.1
Project("{2150E333-8FDC-42A3-9474-1A3956D46DE8}") = "Solution Items", "Solution Items", "{CED0D593-F054-49C1-941A-80DFC9D8E299}"
	ProjectSection(SolutionItems) = preProject
		ReadMe.md = ReadMe.md
	EndProjectSection
EndProject
Project("{FAE04EC0-301F-11D3-BF4B-00C04F79EFBC}") = "HBD.Framework.Data.Excel", "HBD.Framework.Data.Excel\HBD.Framework.Data.Excel.csproj", "{AEB0E484-E248-4649-A09C-14E7F0668512}"
EndProject
Project("{FAE04EC0-301F-11D3-BF4B-00C04F79EFBC}") = "HBD.Framework.Excel.Test", "HBD.Framework.Excel.Test\HBD.Framework.Excel.Test.csproj", "{34534349-0C23-443A-BD5A-E269D7770B90}"
EndProject
Project("{2150E333-8FDC-42A3-9474-1A3956D46DE8}") = "1. Shared", "1. Shared", "{A78833B7-CC8C-45E4-A8A4-41963C68B354}"
EndProject
Project("{2150E333-8FDC-42A3-9474-1A3956D46DE8}") = "2. Compilation", "2. Compilation", "{E59092C2-C189-4687-B369-D7B069D8D72E}"
EndProject
Project("{2150E333-8FDC-42A3-9474-1A3956D46DE8}") = "3. Tests", "3. Tests", "{F688446B-75A1-44F8-B915-78E1A6B7154E}"
EndProject
Project("{D954291E-2A0B-460D-934E-DC6B0785DB48}") = "HBD.Framework.Data.Excel.Global", "HBD.Framework.Data.Excel.GlobalShared\HBD.Framework.Data.Excel.Global.shproj", "{C1C36DC8-F71A-4AB9-BAF6-58C25C0BCDF3}"
EndProject
Project("{D954291E-2A0B-460D-934E-DC6B0785DB48}") = "HBD.Framework.Data.Excel.4x", "HBD.Framework.Data.Excel.4x\HBD.Framework.Data.Excel.4x.shproj", "{1C5B1DF7-78DE-445B-BCB1-774380B3433F}"
EndProject
Project("{D954291E-2A0B-460D-934E-DC6B0785DB48}") = "HBD.Framework.Data.Excel.St", "HBD.Framework.Data.Excel.St\HBD.Framework.Data.Excel.St.shproj", "{9D1FB004-D0C5-4D4F-BCEF-DD804DDB433A}"
EndProject
Project("{FAE04EC0-301F-11D3-BF4B-00C04F79EFBC}") = "HBD.Framework.Data.Excel.20St", "HBD.Framework.Data.Excel.20St\HBD.Framework.Data.Excel.20St.csproj", "{36611756-BA0E-4B91-B477-9CC4F0E70098}"
EndProject
Global
	GlobalSection(SharedMSBuildProjectFiles) = preSolution
		HBD.Framework.Data.Excel.4x\HBD.Framework.Data.Excel.4x.projitems*{1c5b1df7-78de-445b-bcb1-774380b3433f}*SharedItemsImports = 13
		HBD.Framework.Data.Excel.St\HBD.Framework.Data.Excel.St.projitems*{9d1fb004-d0c5-4d4f-bcef-dd804ddb433a}*SharedItemsImports = 13
		HBD.Framework.Data.Excel.4x\HBD.Framework.Data.Excel.4x.projitems*{aeb0e484-e248-4649-a09c-14e7f0668512}*SharedItemsImports = 4
		HBD.Framework.Data.Excel.GlobalShared\HBD.Framework.Data.Excel.GlobalShared.projitems*{aeb0e484-e248-4649-a09c-14e7f0668512}*SharedItemsImports = 4
		HBD.Framework.Data.Excel.GlobalShared\HBD.Framework.Data.Excel.GlobalShared.projitems*{c1c36dc8-f71a-4ab9-baf6-58c25c0bcdf3}*SharedItemsImports = 13
	EndGlobalSection
	GlobalSection(SolutionConfigurationPlatforms) = preSolution
		Debug|Any CPU = Debug|Any CPU
		Release|Any CPU = Release|Any CPU
	EndGlobalSection
	GlobalSection(ProjectConfigurationPlatforms) = postSolution
		{AEB0E484-E248-4649-A09C-14E7F0668512}.Debug|Any CPU.ActiveCfg = Debug|Any CPU
		{AEB0E484-E248-4649-A09C-14E7F0668512}.Debug|Any CPU.Build.0 = Debug|Any CPU
		{AEB0E484-E248-4649-A09C-14E7F0668512}.Release|Any CPU.ActiveCfg = Release|Any CPU
		{AEB0E484-E248-4649-A09C-14E7F0668512}.Release|Any CPU.Build.0 = Release|Any CPU
		{34534349-0C23-443A-BD5A-E269D7770B90}.Debug|Any CPU.ActiveCfg = Debug|Any CPU
		{34534349-0C23-443A-BD5A-E269D7770B90}.Debug|Any CPU.Build.0 = Debug|Any CPU
		{34534349-0C23-443A-BD5A-E269D7770B90}.Release|Any CPU.ActiveCfg = Release|Any CPU
		{34534349-0C23-443A-BD5A-E269D7770B90}.Release|Any CPU.Build.0 = Release|Any CPU
		{36611756-BA0E-4B91-B477-9CC4F0E70098}.Debug|Any CPU.ActiveCfg = Debug|Any CPU
		{36611756-BA0E-4B91-B477-9CC4F0E70098}.Debug|Any CPU.Build.0 = Debug|Any CPU
		{36611756-BA0E-4B91-B477-9CC4F0E70098}.Release|Any CPU.ActiveCfg = Release|Any CPU
		{36611756-BA0E-4B91-B477-9CC4F0E70098}.Release|Any CPU.Build.0 = Release|Any CPU
	EndGlobalSection
	GlobalSection(SolutionProperties) = preSolution
		HideSolutionNode = FALSE
	EndGlobalSection
	GlobalSection(NestedProjects) = preSolution
		{AEB0E484-E248-4649-A09C-14E7F0668512} = {E59092C2-C189-4687-B369-D7B069D8D72E}
		{C1C36DC8-F71A-4AB9-BAF6-58C25C0BCDF3} = {A78833B7-CC8C-45E4-A8A4-41963C68B354}
		{1C5B1DF7-78DE-445B-BCB1-774380B3433F} = {A78833B7-CC8C-45E4-A8A4-41963C68B354}
		{9D1FB004-D0C5-4D4F-BCEF-DD804DDB433A} = {A78833B7-CC8C-45E4-A8A4-41963C68B354}
		{36611756-BA0E-4B91-B477-9CC4F0E70098} = {E59092C2-C189-4687-B369-D7B069D8D72E}
	EndGlobalSection
	GlobalSection(ExtensibilityGlobals) = postSolution
		EnterpriseLibraryConfigurationToolBinariesPath = packages\Unity.2.1.505.0\lib\NET35;packages\Unity.Interception.2.1.505.0\lib\NET35;packages\EnterpriseLibrary.Common.5.0.505.0\lib\NET35;packages\EnterpriseLibrary.Security.5.0.505.0\lib\NET35;packages\EnterpriseLibrary.Security.AzMan.5.0.505.0\lib\NET35
		SolutionGuid = {A3F31226-8FE9-452D-83B9-80023CD7BA00}
	EndGlobalSection
EndGlobal
