
Microsoft Visual Studio Solution File, Format Version 12.00
# Visual Studio 15
VisualStudioVersion = 15.0.26430.6
MinimumVisualStudioVersion = 10.0.40219.1
Project("{FAE04EC0-301F-11D3-BF4B-00C04F79EFBC}") = "HBD.QueryBuilders", "HBD.QueryBuilders\HBD.QueryBuilders.csproj", "{B7BD8ED4-6D8A-449E-8F29-8D29E3F6369B}"
EndProject
Project("{FAE04EC0-301F-11D3-BF4B-00C04F79EFBC}") = "HBD.QueryBuildersTests", "HBD.QueryBuildersTests\HBD.QueryBuildersTests.csproj", "{FF70E37F-F8E9-445E-9A81-0AD193B9215E}"
EndProject
Global
	GlobalSection(SolutionConfigurationPlatforms) = preSolution
		Debug|Any CPU = Debug|Any CPU
		Release|Any CPU = Release|Any CPU
	EndGlobalSection
	GlobalSection(ProjectConfigurationPlatforms) = postSolution
		{B7BD8ED4-6D8A-449E-8F29-8D29E3F6369B}.Debug|Any CPU.ActiveCfg = Debug|Any CPU
		{B7BD8ED4-6D8A-449E-8F29-8D29E3F6369B}.Debug|Any CPU.Build.0 = Debug|Any CPU
		{B7BD8ED4-6D8A-449E-8F29-8D29E3F6369B}.Release|Any CPU.ActiveCfg = Release|Any CPU
		{B7BD8ED4-6D8A-449E-8F29-8D29E3F6369B}.Release|Any CPU.Build.0 = Release|Any CPU
		{FF70E37F-F8E9-445E-9A81-0AD193B9215E}.Debug|Any CPU.ActiveCfg = Debug|Any CPU
		{FF70E37F-F8E9-445E-9A81-0AD193B9215E}.Debug|Any CPU.Build.0 = Debug|Any CPU
		{FF70E37F-F8E9-445E-9A81-0AD193B9215E}.Release|Any CPU.ActiveCfg = Release|Any CPU
		{FF70E37F-F8E9-445E-9A81-0AD193B9215E}.Release|Any CPU.Build.0 = Release|Any CPU
	EndGlobalSection
	GlobalSection(SolutionProperties) = preSolution
		HideSolutionNode = FALSE
	EndGlobalSection
	GlobalSection(ExtensibilityGlobals) = postSolution
		EnterpriseLibraryConfigurationToolBinariesPath = packages\Unity.2.1.505.0\lib\NET35;packages\Unity.Interception.2.1.505.0\lib\NET35;packages\EnterpriseLibrary.Common.5.0.505.0\lib\NET35;packages\EnterpriseLibrary.Security.5.0.505.0\lib\NET35;packages\EnterpriseLibrary.Security.AzMan.5.0.505.0\lib\NET35
	EndGlobalSection
	GlobalSection(TeamFoundationVersionControl) = preSolution
		SccNumberOfProjects = 3
		SccEnterpriseProvider = {4CA58AB2-18FA-4F8D-95D4-32DDF27D184C}
		SccTeamFoundationServer = https://steven2412.visualstudio.com/
		SccLocalPath0 = .
		SccProjectUniqueName1 = HBD.QueryBuilders\\HBD.QueryBuilders.csproj
		SccProjectName1 = HBD.QueryBuilders
		SccLocalPath1 = HBD.QueryBuilders
		SccProjectUniqueName2 = HBD.QueryBuildersTests\\HBD.QueryBuildersTests.csproj
		SccProjectName2 = HBD.QueryBuildersTests
		SccLocalPath2 = HBD.QueryBuildersTests
	EndGlobalSection
EndGlobal
